version = 1
revision = 2
requires-python = ">=3.12"

[[package]]
name = "binaryshield-lifter"
version = "0.1.0"
source = { virtual = "." }
dependencies = [
    { name = "capstone" },
    { name = "icicle-emu" },
    { name = "pefile" },
]

[package.metadata]
requires-dist = [
    { name = "capstone", specifier = ">=5.0.7" },
    { name = "icicle-emu", specifier = ">=0.0.11" },
    { name = "pefile", specifier = ">=2024.8.26" },
]

[[package]]
name = "capstone"
version = "5.0.7"
source = { registry = "https://pypi.org/simple" }
sdist = { url = "https://files.pythonhosted.org/packages/dd/9c/28b11f64e2425774efb21c206a6e952cfce6e3e2ef3e4b63cdae32ccd8a5/capstone-5.0.7.tar.gz", hash = "sha256:796bdd69b05fa124fc2aa2e74b9a0b3d4c4e7f3e02add5e583cf2f3bca282ede", size = 2945245, upload-time = "2026-02-09T22:51:56.392Z" }
wheels = [
    { url = "https://files.pythonhosted.org/packages/b2/91/98fdb020106469d2354920ffb989507f8c494d847eb9135202a0b20afe8d/capstone-5.0.7-py3-none-macosx_10_9_universal2.whl", hash = "sha256:388af4ddb9224d3b4f9269673ee575b3f94f77774d48b3f1a283ad13c29a106a", size = 2192836, upload-time = "2026-02-09T22:51:42.782Z" },
    { url = "https://files.pythonhosted.org/packages/b7/6c/f02847b3385651eb00a6a27049bd12982cdd61e981b248e7f0dc8ed15756/capstone-5.0.7-py3-none-macosx_10_9_x86_64.whl", hash = "sha256:a9f64e3d75d8c4d7b3d26bba153b2992aadcf6b8d57674b4ef176b4ecdd9822f", size = 1188995, upload-time = "2026-02-09T22:51:44.653Z" },
    { url = "https://files.pythonhosted.org/packages/8f/43/29cd1dbdb2b55bf339bca36444809503b8311dcc04898726a7e35b47ac86/capstone-5.0.7-py3-none-macosx_11_0_arm64.whl", hash = "sha256:acb89f5bf6f625745a104a3a44819d3acea173228055c1eadc60d2282ae490bb", size = 1200084, upload-time = "2026-02-09T22:51:45.668Z" },
    { url = "https://files.pythonhosted.org/packages/7d/32/084419edcd9a3efaadf5c22166de625090fae833aad0672ddd9fa436d1e2/capstone-5.0.7-py3-none-manylinux_2_17_aarch64.manylinux2014_aarch64.whl", hash = "sha256:c58546c814567c95e4b9a63bdb8624c960cb8508855c7c767d5f108d7bc09ce2", size = 1458867, upload-time = "2026-02-09T22:51:46.8Z" },
    { url = "https://files.pythonhosted.org/packages/15/3e/3a4f45dd4eda6fc8051f76bf3ed50ead6040d827000371211fbaaf057625/capstone-5.0.7-py3-none-manylinux_2_17_x86_64.manylinux2014_x86_64.whl", hash = "sha256:b809a9654844ce0d35099121a851ddd2ab2689df1ff6687037babcedcaae6391", size = 1482184, upload-time = "2026-02-09T22:51:48.467Z" },
    { url = "https://files.pythonhosted.org/packages/4b/a8/6b4df60c822aaeb42954ea6c9fdbf3410feaa6bea6dc3f18f6c363fd1ed2/capstone-5.0.7-py3-none-manylinux_2_5_i686.manylinux1_i686.manylinux_2_17_i686.manylinux2014_i686.whl", hash = "sha256:80b0f1b93fc703c419fda8cf84cfa017fd8909be62a4e88024273126ab16f006", size = 1481169, upload-time = "2026-02-09T22:51:49.574Z" },
    { url = "https://files.pythonhosted.org/packages/05/24/4162bbc2591091dfa6c161b4a9ef1a6eccb739c20798e58f59f917a8a3d1/capstone-5.0.7-py3-none-musllinux_1_2_aarch64.whl", hash = "sha256:467716e6555d50cb3526b290f0dbdccb5f961839b1f1e299b484fb5d814173e6", size = 1457760, upload-time = "2026-02-09T22:51:50.863Z" },
    { url = "https://files.pythonhosted.org/packages/e1/51/e3913f53ed03a8f7311b1efacbc1052811e129baa37b4f14e79da3cbc0c6/capstone-5.0.7-py3-none-musllinux_1_2_i686.whl", hash = "sha256:e551311d4b6dc344fe5518ef6decf4c2dfafe37bba9ad027a53a406930bc5c63", size = 1484528, upload-time = "2026-02-09T22:51:52.483Z" },
    { url = "https://files.pythonhosted.org/packages/0b/98/a7d631f7bca9de02357637cfab1fb90a67992905f2041357ac5732c8a4cd/capstone-5.0.7-py3-none-musllinux_1_2_x86_64.whl", hash = "sha256:a13437b28b136c886600e88bee192d25adf56ba1db5597ff5a0bec758bb9c533", size = 1486041, upload-time = "2026-02-09T22:51:53.729Z" },
    { url = "https://files.pythonhosted.org/packages/70/39/2138d890a8e827636b9de9924fbc8527fe83e38b6d26605b30ac55e30ebe/capstone-5.0.7-py3-none-win_amd64.whl", hash = "sha256:4ab8bcb7da8f221ff45926ca168ca33e76f7237d06fbf3c10780002faa2670e1", size = 1272204, upload-time = "2026-02-09T22:51:54.829Z" },
]

[[package]]
name = "icicle-emu"
version = "0.0.11"
source = { registry = "https://pypi.org/simple" }
sdist = { url = "https://files.pythonhosted.org/packages/4f/b0/a2efc55e93b05e9f734a93ce0287992695bdea1510c4ee0297bf48f1bad8/icicle_emu-0.0.11.tar.gz", hash = "sha256:4da97aee28959e4f3f64617eb4c8675758efc7757cd87a50ee1d18c5480b67ea", size = 1651886, upload-time = "2025-11-06T15:12:58.706Z" }
wheels = [
    { url = "https://files.pythonhosted.org/packages/51/86/87fa33577643b47231f44d8cbff2218f3b50bb606b831516473d14c04227/icicle_emu-0.0.11-cp38-abi3-macosx_10_12_x86_64.whl", hash = "sha256:8da50fc6f68c3c85644eabe2162f4ef7eab60a13cba731e2f60632fdcb0e9a9f", size = 3999100, upload-time = "2025-11-06T15:12:47.551Z" },
    { url = "https://files.pythonhosted.org/packages/74/1f/295c69184c4f554244bdf7db55f19434b4340d95aeb5fb3a72b0c56e92d3/icicle_emu-0.0.11-cp38-abi3-macosx_11_0_arm64.whl", hash = "sha256:7d41d4d7d69769e908cf2770971ad5651b4f807bb73a694e37d9634e2baaafbd", size = 3449247, upload-time = "2025-11-06T15:12:50.475Z" },
    { url = "https://files.pythonhosted.org/packages/a3/d7/29b808876441af7c9f4a39861d9a7a364cc1f4dbba71de9243267f6f20c6/icicle_emu-0.0.11-cp38-abi3-manylinux_2_17_aarch64.manylinux2014_aarch64.whl", hash = "sha256:45a269da9f644eda711430c192250db1ae0bd34f7b1d86b4363714306ce509f7", size = 3632387, upload-time = "2025-11-06T15:12:53.255Z" },
    { url = "https://files.pythonhosted.org/packages/68/c4/da6271734229a11ebb90c69a5a63a3f6bf941055ca0e7e7535640536fde5/icicle_emu-0.0.11-cp38-abi3-manylinux_2_17_x86_64.manylinux2014_x86_64.whl", hash = "sha256:f4baf4d20a158e5b7ec3cbebbdbc0745bd4b08a9d17674d14f84473e8280c948", size = 4165145, upload-time = "2025-11-06T15:12:55.374Z" },
    { url = "https://files.pythonhosted.org/packages/5c/3d/98030b959250f5223d697964d987dfa39c65fe4cd4671bb4c00d72738af6/icicle_emu-0.0.11-cp38-abi3-win_amd64.whl", hash = "sha256:94e0da6502ae19ba89497ced98fe0f9e881b13deaf070caaca9a4a552e4e9aa6", size = 3643928, upload-time = "2025-11-06T15:12:57.104Z" },
]

[[package]]
name = "pefile"
version = "2024.8.26"
source = { registry = "https://pypi.org/simple" }
sdist = { url = "https://files.pythonhosted.org/packages/03/4f/2750f7f6f025a1507cd3b7218691671eecfd0bbebebe8b39aa0fe1d360b8/pefile-2024.8.26.tar.gz", hash = "sha256:3ff6c5d8b43e8c37bb6e6dd5085658d658a7a0bdcd20b6a07b1fcfc1c4e9d632", size = 76008, upload-time = "2024-08-26T20:58:38.155Z" }
wheels = [
    { url = "https://files.pythonhosted.org/packages/54/16/12b82f791c7f50ddec566873d5bdd245baa1491bac11d15ffb98aecc8f8b/pefile-2024.8.26-py3-none-any.whl", hash = "sha256:76f8b485dcd3b1bb8166f1128d395fa3d87af26360c2358fb75b80019b957c6f", size = 74766, upload-time = "2024-08-26T21:01:02.632Z" },
]
