version = 1
revision = 3
requires-python = ">=3.12"

[[package]]
name = "capstone"
version = "5.0.7"
source = { registry = "https://pypi.org/simple" }
sdist = { url = "https://files.pythonhosted.org/packages/dd/9c/28b11f64e2425774efb21c206a6e952cfce6e3e2ef3e4b63cdae32ccd8a5/capstone-5.0.7.tar.gz", hash = "sha256:796bdd69b05fa124fc2aa2e74b9a0b3d4c4e7f3e02add5e583cf2f3bca282ede", size = 2945245, upload-time = "2026-02-09T22:51:56.392Z" }
wheels = [
    { url = "https://files.pythonhosted.org/packages/b2/91/98fdb020106469d2354920ffb989507f8c494d847eb9135202a0b20afe8d/capstone-5.0.7-py3-none-macosx_10_9_universal2.whl", hash = "sha256:388af4ddb9224d3b4f9269673ee575b3f94f77774d48b3f1a283ad13c29a106a", size = 2192836, upload-time = "2026-02-09T22:51:42.782Z" },
    { url = "https://files.pythonhosted.org/packages/b7/6c/f02847b3385651eb00a6a27049bd12982cdd61e981b248e7f0dc8ed15756/capstone-5.0.7-py3-none-macosx_10_9_x86_64.whl", hash = "sha256:a9f64e3d75d8c4d7b3d26bba153b2992aadcf6b8d57674b4ef176b4ecdd9822f", size = 1188995, upload-time = "2026-02-09T22:51:44.653Z" },
    { url = "https://files.pythonhosted.org/packages/8f/43/29cd1dbdb2b55bf339bca36444809503b8311dcc04898726a7e35b47ac86/capstone-5.0.7-py3-none-macosx_11_0_arm64.whl", hash = "sha256:acb89f5bf6f625745a104a3a44819d3acea173228055c1eadc60d2282ae490bb", size = 1200084, upload-time = "2026-02-09T22:51:45.668Z" },
    { url = "https://files.pythonhosted.org/packages/7d/32/084419edcd9a3efaadf5c22166de625090fae833aad0672ddd9fa436d1e2/capstone-5.0.7-py3-none-manylinux_2_17_aarch64.manylinux2014_aarch64.whl", hash = "sha256:c58546c814567c95e4b9a63bdb8624c960cb8508855c7c767d5f108d7bc09ce2", size = 1458867, upload-time = "2026-02-09T22:51:46.8Z" },
    { url = "https://files.pythonhosted.org/packages/15/3e/3a4f45dd4eda6fc8051f76bf3ed50ead6040d827000371211fbaaf057625/capstone-5.0.7-py3-none-manylinux_2_17_x86_64.manylinux2014_x86_64.whl", hash = "sha256:b809a9654844ce0d35099121a851ddd2ab2689df1ff6687037babcedcaae6391", size = 1482184, upload-time = "2026-02-09T22:51:48.467Z" },
    { url = "https://files.pythonhosted.org/packages/4b/a8/6b4df60c822aaeb42954ea6c9fdbf3410feaa6bea6dc3f18f6c363fd1ed2/capstone-5.0.7-py3-none-manylinux_2_5_i686.manylinux1_i686.manylinux_2_17_i686.manylinux2014_i686.whl", hash = "sha256:80b0f1b93fc703c419fda8cf84cfa017fd8909be62a4e88024273126ab16f006", size = 1481169, upload-time = "2026-02-09T22:51:49.574Z" },
    { url = "https://files.pythonhosted.org/packages/05/24/4162bbc2591091dfa6c161b4a9ef1a6eccb739c20798e58f59f917a8a3d1/capstone-5.0.7-py3-none-musllinux_1_2_aarch64.whl", hash = "sha256:467716e6555d50cb3526b290f0dbdccb5f961839b1f1e299b484fb5d814173e6", size = 1457760, upload-time = "2026-02-09T22:51:50.863Z" },
    { url = "https://files.pythonhosted.org/packages/e1/51/e3913f53ed03a8f7311b1efacbc1052811e129baa37b4f14e79da3cbc0c6/capstone-5.0.7-py3-none-musllinux_1_2_i686.whl", hash = "sha256:e551311d4b6dc344fe5518ef6decf4c2dfafe37bba9ad027a53a406930bc5c63", size = 1484528, upload-time = "2026-02-09T22:51:52.483Z" },
    { url = "https://files.pythonhosted.org/packages/0b/98/a7d631f7bca9de02357637cfab1fb90a67992905f2041357ac5732c8a4cd/capstone-5.0.7-py3-none-musllinux_1_2_x86_64.whl", hash = "sha256:a13437b28b136c886600e88bee192d25adf56ba1db5597ff5a0bec758bb9c533", size = 1486041, upload-time = "2026-02-09T22:51:53.729Z" },
    { url = "https://files.pythonhosted.org/packages/70/39/2138d890a8e827636b9de9924fbc8527fe83e38b6d26605b30ac55e30ebe/capstone-5.0.7-py3-none-win_amd64.whl", hash = "sha256:4ab8bcb7da8f221ff45926ca168ca33e76f7237d06fbf3c10780002faa2670e1", size = 1272204, upload-time = "2026-02-09T22:51:54.829Z" },
]

[[package]]
name = "icicle-emu"
version = "0.0.11"
source = { registry = "https://pypi.org/simple" }
sdist = { url = "https://files.pythonhosted.org/packages/4f/b0/a2efc55e93b05e9f734a93ce0287992695bdea1510c4ee0297bf48f1bad8/icicle_emu-0.0.11.tar.gz", hash = "sha256:4da97aee28959e4f3f64617eb4c8675758efc7757cd87a50ee1d18c5480b67ea", size = 1651886, upload-time = "2025-11-06T15:12:58.706Z" }
wheels = [
    { url = "https://files.pythonhosted.org/packages/51/86/87fa33577643b47231f44d8cbff2218f3b50bb606b831516473d14c04227/icicle_emu-0.0.11-cp38-abi3-macosx_10_12_x86_64.whl", hash = "sha256:8da50fc6f68c3c85644eabe2162f4ef7eab60a13cba731e2f60632fdcb0e9a9f", size = 3999100, upload-time = "2025-11-06T15:12:47.551Z" },
    { url = "https://files.pythonhosted.org/packages/74/1f/295c69184c4f554244bdf7db55f19434b4340d95aeb5fb3a72b0c56e92d3/icicle_emu-0.0.11-cp38-abi3-macosx_11_0_arm64.whl", hash = "sha256:7d41d4d7d69769e908cf2770971ad5651b4f807bb73a694e37d9634e2baaafbd", size = 3449247, upload-time = "2025-11-06T15:12:50.475Z" },
    { url = "https://files.pythonhosted.org/packages/a3/d7/29b808876441af7c9f4a39861d9a7a364cc1f4dbba71de9243267f6f20c6/icicle_emu-0.0.11-cp38-abi3-manylinux_2_17_aarch64.manylinux2014_aarch64.whl", hash = "sha256:45a269da9f644eda711430c192250db1ae0bd34f7b1d86b4363714306ce509f7", size = 3632387, upload-time = "2025-11-06T15:12:53.255Z" },
    { url = "https://files.pythonhosted.org/packages/68/c4/da6271734229a11ebb90c69a5a63a3f6bf941055ca0e7e7535640536fde5/icicle_emu-0.0.11-cp38-abi3-manylinux_2_17_x86_64.manylinux2014_x86_64.whl", hash = "sha256:f4baf4d20a158e5b7ec3cbebbdbc0745bd4b08a9d17674d14f84473e8280c948", size = 4165145, upload-time = "2025-11-06T15:12:55.374Z" },
    { url = "https://files.pythonhosted.org/packages/5c/3d/98030b959250f5223d697964d987dfa39c65fe4cd4671bb4c00d72738af6/icicle_emu-0.0.11-cp38-abi3-win_amd64.whl", hash = "sha256:94e0da6502ae19ba89497ced98fe0f9e881b13deaf070caaca9a4a552e4e9aa6", size = 3643928, upload-time = "2025-11-06T15:12:57.104Z" },
]

[[package]]
name = "llvm-nanobind"
version = "21.1.6.3"
source = { registry = "https://pypi.org/simple" }
sdist = { url = "https://files.pythonhosted.org/packages/78/6e/8501bb26482f231bc22815f4dde05fb05e0c52474cf5c455a211ed847474/llvm_nanobind-21.1.6.3.tar.gz", hash = "sha256:0629ce80418a94b2e1a0019d66372cba86e1327b6c9fd16d63a10aa3c09204e2", size = 645135, upload-time = "2026-05-14T01:06:01.871Z" }
wheels = [
    { url = "https://files.pythonhosted.org/packages/b7/03/3ffd26b70fe0db6f6be411b57f396c81a1ee01fcefea6392707192bcdba4/llvm_nanobind-21.1.6.3-cp312-abi3-macosx_13_0_arm64.whl", hash = "sha256:b153bfe4f2008f96dd0395f72e1e4413f8e5d2d9dc254cd51ae49cc48e7f84e9", size = 43962841, upload-time = "2026-05-14T01:05:32.964Z" },
    { url = "https://files.pythonhosted.org/packages/9e/af/77b62c2dbe20ba8425e1d358da40436599b5540357145a76349098bdb33a/llvm_nanobind-21.1.6.3-cp312-abi3-macosx_13_0_x86_64.whl", hash = "sha256:fa46ac4e99698190eda9b4e6760d21618bac7c814997da63039e959ca7f9e8fa", size = 47013114, upload-time = "2026-05-14T01:05:38.565Z" },
    { url = "https://files.pythonhosted.org/packages/4d/81/ca1b5ac53c272dcf1f4db98c0b2246c0a532f4eea42193a05e3ded90099b/llvm_nanobind-21.1.6.3-cp312-abi3-manylinux_2_28_aarch64.whl", hash = "sha256:4e4e814a68c7a63c62badc845d0d1941b04a4cdcf11eafc9398e08c3e3a1bc40", size = 58501459, upload-time = "2026-05-14T01:05:44.558Z" },
    { url = "https://files.pythonhosted.org/packages/1a/85/7830240b5d1bac8bc69c0b039478d2342f2809c0809825f0e3f157571f1d/llvm_nanobind-21.1.6.3-cp312-abi3-manylinux_2_28_x86_64.whl", hash = "sha256:8be86943cd9c7a7e69ac07ee1f948d7971089377831b0c180de9c5ba714f97d7", size = 61796024, upload-time = "2026-05-14T01:05:52.125Z" },
    { url = "https://files.pythonhosted.org/packages/e9/94/6bce36ab093677ba6643c6a8b9d51bb9893be3c4d9e4604bf797e93077a2/llvm_nanobind-21.1.6.3-cp312-abi3-win_amd64.whl", hash = "sha256:113a38f38201f7af137b3d7e19e1de9571ed7c7e648cb9f184e26471a1457193", size = 44061105, upload-time = "2026-05-14T01:05:58.011Z" },
]

[[package]]
name = "pefile"
version = "2024.8.26"
source = { registry = "https://pypi.org/simple" }
sdist = { url = "https://files.pythonhosted.org/packages/03/4f/2750f7f6f025a1507cd3b7218691671eecfd0bbebebe8b39aa0fe1d360b8/pefile-2024.8.26.tar.gz", hash = "sha256:3ff6c5d8b43e8c37bb6e6dd5085658d658a7a0bdcd20b6a07b1fcfc1c4e9d632", size = 76008, upload-time = "2024-08-26T20:58:38.155Z" }
wheels = [
    { url = "https://files.pythonhosted.org/packages/54/16/12b82f791c7f50ddec566873d5bdd245baa1491bac11d15ffb98aecc8f8b/pefile-2024.8.26-py3-none-any.whl", hash = "sha256:76f8b485dcd3b1bb8166f1128d395fa3d87af26360c2358fb75b80019b957c6f", size = 74766, upload-time = "2024-08-26T21:01:02.632Z" },
]

[[package]]
name = "ruff"
version = "0.15.12"
source = { registry = "https://pypi.org/simple" }
sdist = { url = "https://files.pythonhosted.org/packages/99/43/3291f1cc9106f4c63bdce7a8d0df5047fe8422a75b091c16b5e9355e0b11/ruff-0.15.12.tar.gz", hash = "sha256:ecea26adb26b4232c0c2ca19ccbc0083a68344180bba2a600605538ce51a40a6", size = 4643852, upload-time = "2026-04-24T18:17:14.305Z" }
wheels = [
    { url = "https://files.pythonhosted.org/packages/c3/6e/e78ffb61d4686f3d96ba3df2c801161843746dcbcbb17a1e927d4829312b/ruff-0.15.12-py3-none-linux_armv6l.whl", hash = "sha256:f86f176e188e94d6bdbc09f09bfd9dc729059ad93d0e7390b5a73efe19f8861c", size = 10640713, upload-time = "2026-04-24T18:17:22.841Z" },
    { url = "https://files.pythonhosted.org/packages/ae/08/a317bc231fb9e7b93e4ef3089501e51922ff88d6936ce5cf870c4fe55419/ruff-0.15.12-py3-none-macosx_10_12_x86_64.whl", hash = "sha256:e3bcd123364c3770b8e1b7baaf343cc99a35f197c5c6e8af79015c666c423a6c", size = 11069267, upload-time = "2026-04-24T18:17:30.105Z" },
    { url = "https://files.pythonhosted.org/packages/aa/a4/f828e9718d3dce1f5f11c39c4f65afd32783c8b2aebb2e3d259e492c47bd/ruff-0.15.12-py3-none-macosx_11_0_arm64.whl", hash = "sha256:fe87510d000220aa1ed530d4448a7c696a0cae1213e5ec30e5874287b66557b5", size = 10397182, upload-time = "2026-04-24T18:17:07.177Z" },
    { url = "https://files.pythonhosted.org/packages/71/e0/3310fc6d1b5e1fdea22bf3b1b807c7e187b581021b0d7d4514cccdb5fb71/ruff-0.15.12-py3-none-manylinux_2_17_aarch64.manylinux2014_aarch64.whl", hash = "sha256:84a1630093121375a3e2a95b4a6dc7b59e2b4ee76216e32d81aae550a832d002", size = 10758012, upload-time = "2026-04-24T18:16:55.759Z" },
    { url = "https://files.pythonhosted.org/packages/11/c1/a606911aee04c324ddaa883ae418f3569792fd3c4a10c50e0dd0a2311e1e/ruff-0.15.12-py3-none-manylinux_2_17_armv7l.manylinux2014_armv7l.whl", hash = "sha256:fb129f40f114f089ebe0ca56c0d251cf2061b17651d464bb6478dc01e69f11f5", size = 10447479, upload-time = "2026-04-24T18:16:51.677Z" },
    { url = "https://files.pythonhosted.org/packages/9d/68/4201e8444f0894f21ab4aeeaee68aa4f10b51613514a20d80bd628d57e88/ruff-0.15.12-py3-none-manylinux_2_17_i686.manylinux2014_i686.whl", hash = "sha256:b0c862b172d695db7598426b8af465e7e9ac00a3ea2a3630ee67eb82e366aaa6", size = 11234040, upload-time = "2026-04-24T18:17:16.529Z" },
    { url = "https://files.pythonhosted.org/packages/34/ff/8a6d6cf4ccc23fd67060874e832c18919d1557a0611ebef03fdb01fff11e/ruff-0.15.12-py3-none-manylinux_2_17_ppc64le.manylinux2014_ppc64le.whl", hash = "sha256:2849ea9f3484c3aca43a82f484210370319e7170df4dfe4843395ddf6c57bc33", size = 12087377, upload-time = "2026-04-24T18:17:04.944Z" },
    { url = "https://files.pythonhosted.org/packages/85/f6/c669cf73f5152f623d34e69866a46d5e6185816b19fcd5b6dd8a2d299922/ruff-0.15.12-py3-none-manylinux_2_17_s390x.manylinux2014_s390x.whl", hash = "sha256:9e77c7e51c07fe396826d5969a5b846d9cd4c402535835fb6e21ce8b28fef847", size = 11367784, upload-time = "2026-04-24T18:17:25.409Z" },
    { url = "https://files.pythonhosted.org/packages/e8/39/c61d193b8a1daaa8977f7dea9e8d8ba866e02ea7b65d32f6861693aa4c12/ruff-0.15.12-py3-none-manylinux_2_17_x86_64.manylinux2014_x86_64.whl", hash = "sha256:83b2f4f2f3b1026b5fb449b467d9264bf22067b600f7b6f41fc5958909f449d0", size = 11344088, upload-time = "2026-04-24T18:17:12.258Z" },
    { url = "https://files.pythonhosted.org/packages/c2/8d/49afab3645e31e12c590acb6d3b5b69d7aab5b81926dbaf7461f9441f37a/ruff-0.15.12-py3-none-manylinux_2_31_riscv64.whl", hash = "sha256:9ba3b8f1afd7e2e43d8943e55f249e13f9682fde09711644a6e7290eb4f3e339", size = 11271770, upload-time = "2026-04-24T18:17:02.457Z" },
    { url = "https://files.pythonhosted.org/packages/46/06/33f41fe94403e2b755481cdfb9b7ef3e4e0ed031c4581124658d935d52b4/ruff-0.15.12-py3-none-musllinux_1_2_aarch64.whl", hash = "sha256:e852ba9fdc890655e1d78f2df1499efbe0e54126bd405362154a75e2bde159c5", size = 10719355, upload-time = "2026-04-24T18:17:27.648Z" },
    { url = "https://files.pythonhosted.org/packages/0d/59/18aa4e014debbf559670e4048e39260a85c7fcee84acfd761ac01e7b8d35/ruff-0.15.12-py3-none-musllinux_1_2_armv7l.whl", hash = "sha256:dd8aed930da53780d22fc70bdf84452c843cf64f8cb4eb38984319c24c5cd5fd", size = 10462758, upload-time = "2026-04-24T18:17:32.347Z" },
    { url = "https://files.pythonhosted.org/packages/25/e7/cc9f16fd0f3b5fddcbd7ec3d6ae30c8f3fde1047f32a4093a98d633c6570/ruff-0.15.12-py3-none-musllinux_1_2_i686.whl", hash = "sha256:01da3988d225628b709493d7dc67c3b9b12c0210016b08690ef9bd27970b262b", size = 10953498, upload-time = "2026-04-24T18:17:20.674Z" },
    { url = "https://files.pythonhosted.org/packages/72/7a/a9ba7f98c7a575978698f4230c5e8cc54bbc761af34f560818f933dafa0c/ruff-0.15.12-py3-none-musllinux_1_2_x86_64.whl", hash = "sha256:9cae0f92bd5700d1213188b31cd3bdd2b315361296d10b96b8e2337d3d11f53e", size = 11447765, upload-time = "2026-04-24T18:17:09.755Z" },
    { url = "https://files.pythonhosted.org/packages/ea/f9/0ae446942c846b8266059ad8a30702a35afae55f5cdc54c5adf8d7afdc27/ruff-0.15.12-py3-none-win32.whl", hash = "sha256:d0185894e038d7043ba8fd6aee7499ece6462dc0ea9f1e260c7451807c714c20", size = 10657277, upload-time = "2026-04-24T18:17:18.591Z" },
    { url = "https://files.pythonhosted.org/packages/33/f1/9614e03e1cdcbf9437570b5400ced8a720b5db22b28d8e0f1bda429f660d/ruff-0.15.12-py3-none-win_amd64.whl", hash = "sha256:c87a162d61ab3adca47c03f7f717c68672edec7d1b5499e652331780fe74950d", size = 11837758, upload-time = "2026-04-24T18:17:00.113Z" },
    { url = "https://files.pythonhosted.org/packages/c0/98/6beb4b351e472e5f4c4613f7c35a5290b8be2497e183825310c4c3a3984b/ruff-0.15.12-py3-none-win_arm64.whl", hash = "sha256:a538f7a82d061cee7be55542aca1d86d1393d55d81d4fcc314370f4340930d4f", size = 11120821, upload-time = "2026-04-24T18:16:57.979Z" },
]

[[package]]
name = "striga"
version = "0.1.1"
source = { editable = "." }
dependencies = [
    { name = "capstone" },
    { name = "icicle-emu" },
    { name = "llvm-nanobind" },
    { name = "pefile" },
]

[package.dev-dependencies]
dev = [
    { name = "ruff" },
    { name = "ty" },
]

[package.metadata]
requires-dist = [
    { name = "capstone", specifier = ">=5.0.7" },
    { name = "icicle-emu", specifier = ">=0.0.11" },
    { name = "llvm-nanobind", specifier = "==21.1.6.3" },
    { name = "pefile", specifier = ">=2024.8.26" },
]

[package.metadata.requires-dev]
dev = [
    { name = "ruff", specifier = ">=0.15.12" },
    { name = "ty", specifier = ">=0.0.34" },
]

[[package]]
name = "ty"
version = "0.0.35"
source = { registry = "https://pypi.org/simple" }
sdist = { url = "https://files.pythonhosted.org/packages/4e/53/440e7b1212c4b0abbd4adb7aed93f4971aa1f8dca386ac5515930afa9172/ty-0.0.35.tar.gz", hash = "sha256:8375c240ab38138a19db07996c9808fb7a92047c1492e1ce587c2ef5112ad3a9", size = 5629237, upload-time = "2026-05-10T18:25:17.105Z" }
wheels = [
    { url = "https://files.pythonhosted.org/packages/d4/84/19662ee881675815b7fafff940a365be1985730465afd9b75cb2edd5f8b3/ty-0.0.35-py3-none-linux_armv6l.whl", hash = "sha256:85ae1e59b9fb0b40e9d84fe61b29653c5f2f5e78b487ece371a7a38c20c781cf", size = 11198741, upload-time = "2026-05-10T18:24:49.378Z" },
    { url = "https://files.pythonhosted.org/packages/62/df/7e5b6f83d85b4d2e5b72b5dceb388f440acc10679417bd46f829b9200fab/ty-0.0.35-py3-none-macosx_10_12_x86_64.whl", hash = "sha256:709dbb7af4fcadb1196863c00b8791bbbbcc9dacbe15a0ff17f0af82b35d415b", size = 10948304, upload-time = "2026-05-10T18:24:58.246Z" },
    { url = "https://files.pythonhosted.org/packages/59/94/72d7263aca055cde427f0ebcf08d6a74e5a5fee1d1e7fdd553696089cecb/ty-0.0.35-py3-none-macosx_11_0_arm64.whl", hash = "sha256:2cb0877419ab0c8708b6925cb0c2800b263842bd3c425113f200538772f3a0cc", size = 10407413, upload-time = "2026-05-10T18:24:37.422Z" },
    { url = "https://files.pythonhosted.org/packages/b6/23/fda6fae8a81ce0cb5f24cdfe63260e110c7af8844e31fa07d1e6e8ef0232/ty-0.0.35-py3-none-manylinux_2_17_aarch64.manylinux2014_aarch64.whl", hash = "sha256:e7afbcfc61904b7e82e7fe1a1db832a40d8f01e69dee1775f6594e552980536c", size = 10932614, upload-time = "2026-05-10T18:24:47.401Z" },
    { url = "https://files.pythonhosted.org/packages/72/3d/b98d8d4aa1a5ed6daaf15864e838f605ca7b1e8b93b7e17b96ed4bc4dfed/ty-0.0.35-py3-none-manylinux_2_17_armv7l.manylinux2014_armv7l.whl", hash = "sha256:b61498cc3e4178031c079951257fbdb209a891b4feb10ad6c40f615a51846f41", size = 10962982, upload-time = "2026-05-10T18:24:44.88Z" },
    { url = "https://files.pythonhosted.org/packages/18/c4/2881aad71bf6fb2f8df17fc8e4bc89e904e54490a3ee747b5ef73f98ac85/ty-0.0.35-py3-none-manylinux_2_17_i686.manylinux2014_i686.whl", hash = "sha256:573b1eacda349fc8dba0d767b41631c3a6f66412363127c5bf2b1b40a1d898d2", size = 11476274, upload-time = "2026-05-10T18:24:42.4Z" },
    { url = "https://files.pythonhosted.org/packages/34/0f/7717650adaeaddd23eea70470e2c26d3f0b9b18fdc7f26ec9552d6001f17/ty-0.0.35-py3-none-manylinux_2_17_ppc64le.manylinux2014_ppc64le.whl", hash = "sha256:a7209746158d6393c1040aa64b3ca29622e212ea7d8bae22ba50dbcbb4f96f0a", size = 12012027, upload-time = "2026-05-10T18:25:00.752Z" },
    { url = "https://files.pythonhosted.org/packages/22/c9/1a16cb4aab6f4707d8f550772e91abc26d1c8870f19b5e2453ad10bb8209/ty-0.0.35-py3-none-manylinux_2_17_s390x.manylinux2014_s390x.whl", hash = "sha256:4466a1470aa4418d49a9aa45d9da7de42033addd0a2837c5b2b0eb71d3c2bcd3", size = 11648894, upload-time = "2026-05-10T18:25:12.44Z" },
    { url = "https://files.pythonhosted.org/packages/18/a1/a977c0e07e9f88db9c67f90c6342a4dc4422c8091fa07bf26521870687c5/ty-0.0.35-py3-none-manylinux_2_17_x86_64.manylinux2014_x86_64.whl", hash = "sha256:eb44bb742d52c309dcaa6598bcf4d82eb4bf1241b9e4940461e522e30093fe8b", size = 11560482, upload-time = "2026-05-10T18:25:05.172Z" },
    { url = "https://files.pythonhosted.org/packages/d6/c1/a5fb11227d5cc4ac3f29a115d8c8bc817578e8ef6907d1e4c914ddbf45ee/ty-0.0.35-py3-none-manylinux_2_31_riscv64.whl", hash = "sha256:34b219250736c989b2670a03782c61315f523f3a2be37f1f90b1207e2212c188", size = 11718495, upload-time = "2026-05-10T18:24:54.12Z" },
    { url = "https://files.pythonhosted.org/packages/3c/cb/e92e4317388b6d1fd821a46941b448a8a1ff0bf13e22147c5167d8fa1b00/ty-0.0.35-py3-none-musllinux_1_2_aarch64.whl", hash = "sha256:88e2ac497decc0940ef1a07571dee8a746112a93a09cdc7f8bca0099752e2e05", size = 10900815, upload-time = "2026-05-10T18:25:02.941Z" },
    { url = "https://files.pythonhosted.org/packages/e9/4f/03bd87388a92567f262f35ac64e10d2be047d258f2dfcf1405f500fa2b90/ty-0.0.35-py3-none-musllinux_1_2_armv7l.whl", hash = "sha256:02cae51b53e6ec17d5d827ff1a3a76fd119705b56a92156e04399eda6e911596", size = 10998051, upload-time = "2026-05-10T18:25:14.68Z" },
    { url = "https://files.pythonhosted.org/packages/b4/60/6edbc375ee6073973200096168f644e1081e5e55a7d42596826465b275de/ty-0.0.35-py3-none-musllinux_1_2_i686.whl", hash = "sha256:11871d730c9400d899ac0b9f3d660ed2e7e433377c8725549f8250a36a7f2620", size = 11148910, upload-time = "2026-05-10T18:24:51.842Z" },
    { url = "https://files.pythonhosted.org/packages/4d/b1/a845d2066ed521c477450f436d4bd353d107e7c02dd6536a485944aaf892/ty-0.0.35-py3-none-musllinux_1_2_x86_64.whl", hash = "sha256:1ad0a2f0530d0933dcc99ad36ac556c63e384ea72ab9a18d23ad2e2c9fd61c73", size = 11671005, upload-time = "2026-05-10T18:24:56.223Z" },
    { url = "https://files.pythonhosted.org/packages/73/81/1d5912a54fb66b2f95ac828ae61d422ef5afeae1263e4d231e40796c229f/ty-0.0.35-py3-none-win32.whl", hash = "sha256:0e25d63ec4ab116e7f6757e44d16ca9216bca679d19ecc36d119cf80faada61a", size = 10481096, upload-time = "2026-05-10T18:24:39.976Z" },
    { url = "https://files.pythonhosted.org/packages/3b/36/1c7f8632bfec1c321f01581d4c940a3617b24bd3e8b37c8a7363d33fbfc4/ty-0.0.35-py3-none-win_amd64.whl", hash = "sha256:6a0a6d259f6f2f8f2f954c6f013d4e0b5eba68af6b353bf19a47d59ec254a3d5", size = 11555691, upload-time = "2026-05-10T18:25:07.792Z" },
    { url = "https://files.pythonhosted.org/packages/7a/fb/59325221bce52f6e833d6865ce8360ef7d5e1e21151b38df6dc77c4327a7/ty-0.0.35-py3-none-win_arm64.whl", hash = "sha256:619c52c0fb2aa21961a848a1995135ad3b6d0a9aa54da0194e60f679cc200e13", size = 10925457, upload-time = "2026-05-10T18:25:10.352Z" },
]
